
Microsoft Visual Studio Solution File, Format Version 12.00
# Visual Studio Version 17
VisualStudioVersion = 17.8.34511.84
MinimumVisualStudioVersion = 10.0.40219.1
Project("{FAE04EC0-301F-11D3-BF4B-00C04F79EFBC}") = "WinF_CRUD_MySql", "WinF_CRUD_MySql\WinF_CRUD_MySql.csproj", "{3BE43E3F-84D4-46D0-A347-11FCFEA59644}"
EndProject
Global
	GlobalSection(SolutionConfigurationPlatforms) = preSolution
		Debug|Any CPU = Debug|Any CPU
		Release|Any CPU = Release|Any CPU
	EndGlobalSection
	GlobalSection(ProjectConfigurationPlatforms) = postSolution
		{3BE43E3F-84D4-46D0-A347-11FCFEA59644}.Debug|Any CPU.ActiveCfg = Debug|Any CPU
		{3BE43E3F-84D4-46D0-A347-11FCFEA59644}.Debug|Any CPU.Build.0 = Debug|Any CPU
		{3BE43E3F-84D4-46D0-A347-11FCFEA59644}.Release|Any CPU.ActiveCfg = Release|Any CPU
		{3BE43E3F-84D4-46D0-A347-11FCFEA59644}.Release|Any CPU.Build.0 = Release|Any CPU
	EndGlobalSection
	GlobalSection(SolutionProperties) = preSolution
		HideSolutionNode = FALSE
	EndGlobalSection
	GlobalSection(ExtensibilityGlobals) = postSolution
		SolutionGuid = {7DFD28BF-38C1-49F1-968C-F7C013A5F2AD}
	EndGlobalSection
EndGlobal
